
Microsoft Visual Studio Solution File, Format Version 12.00
# Visual Studio Version 17
VisualStudioVersion = 17.5.002.0
MinimumVisualStudioVersion = 10.0.40219.1
Project("{2150E333-8FDC-42A3-9474-1A3956D46DE8}") = "test", "test", "{3CB1A24E-F9DB-441A-9239-5E47DCC64152}"
EndProject
Project("{9A19103F-16F7-4668-BE54-9A1E7A4F7556}") = "aspnetapp", "test\dotnet-node-mssql\aspnetapp.csproj", "{1733D074-533D-4B85-B883-39E6FF1EA869}"
EndProject
Global
	GlobalSection(SolutionConfigurationPlatforms) = preSolution
		Debug|Any CPU = Debug|Any CPU
		Release|Any CPU = Release|Any CPU
	EndGlobalSection
	GlobalSection(ProjectConfigurationPlatforms) = postSolution
		{1733D074-533D-4B85-B883-39E6FF1EA869}.Debug|Any CPU.ActiveCfg = Debug|Any CPU
		{1733D074-533D-4B85-B883-39E6FF1EA869}.Debug|Any CPU.Build.0 = Debug|Any CPU
		{1733D074-533D-4B85-B883-39E6FF1EA869}.Release|Any CPU.ActiveCfg = Release|Any CPU
		{1733D074-533D-4B85-B883-39E6FF1EA869}.Release|Any CPU.Build.0 = Release|Any CPU
	EndGlobalSection
	GlobalSection(SolutionProperties) = preSolution
		HideSolutionNode = FALSE
	EndGlobalSection
	GlobalSection(NestedProjects) = preSolution
		{1733D074-533D-4B85-B883-39E6FF1EA869} = {3CB1A24E-F9DB-441A-9239-5E47DCC64152}
	EndGlobalSection
	GlobalSection(ExtensibilityGlobals) = postSolution
		SolutionGuid = {A0F60B64-1C06-48BC-BAFE-6ED5C84B239D}
	EndGlobalSection
EndGlobal
